
Microsoft Visual Studio Solution File, Format Version 12.00
# Visual Studio 2015
Project("{FAE04EC0-301F-11D3-BF4B-00C04F79EFBC}") = "CursoVeranoVideojuegos", "CursoVeranoVideojuegos.csproj", "{A7C30336-DDF1-C851-7710-B4FF68C15014}"
EndProject
Project("{FAE04EC0-301F-11D3-BF4B-00C04F79EFBC}") = "CursoVeranoVideojuegos.Editor", "CursoVeranoVideojuegos.Editor.csproj", "{DD908F63-76A4-C4DB-1C38-E6B653A2EBBE}"
EndProject
Global
	GlobalSection(SolutionConfigurationPlatforms) = preSolution
		Debug|Any CPU = Debug|Any CPU
		Release|Any CPU = Release|Any CPU
	EndGlobalSection
	GlobalSection(ProjectConfigurationPlatforms) = postSolution
		{A7C30336-DDF1-C851-7710-B4FF68C15014}.Debug|Any CPU.ActiveCfg = Debug|Any CPU
		{A7C30336-DDF1-C851-7710-B4FF68C15014}.Debug|Any CPU.Build.0 = Debug|Any CPU
		{A7C30336-DDF1-C851-7710-B4FF68C15014}.Release|Any CPU.ActiveCfg = Release|Any CPU
		{A7C30336-DDF1-C851-7710-B4FF68C15014}.Release|Any CPU.Build.0 = Release|Any CPU
		{DD908F63-76A4-C4DB-1C38-E6B653A2EBBE}.Debug|Any CPU.ActiveCfg = Debug|Any CPU
		{DD908F63-76A4-C4DB-1C38-E6B653A2EBBE}.Debug|Any CPU.Build.0 = Debug|Any CPU
		{DD908F63-76A4-C4DB-1C38-E6B653A2EBBE}.Release|Any CPU.ActiveCfg = Release|Any CPU
		{DD908F63-76A4-C4DB-1C38-E6B653A2EBBE}.Release|Any CPU.Build.0 = Release|Any CPU
	EndGlobalSection
	GlobalSection(SolutionProperties) = preSolution
		HideSolutionNode = FALSE
	EndGlobalSection
EndGlobal
